
Microsoft Visual Studio Solution File, Format Version 12.00
# Visual Studio 14
VisualStudioVersion = 14.0.25420.1
MinimumVisualStudioVersion = 10.0.40219.1
Project("{FAE04EC0-301F-11D3-BF4B-00C04F79EFBC}") = "PreparationC2", "PreparationC2\PreparationC2.csproj", "{9B2593AD-A029-45E2-B51D-DBC106A5D1E7}"
EndProject
Project("{FAE04EC0-301F-11D3-BF4B-00C04F79EFBC}") = "Message", "Message\Message.csproj", "{ABE82859-E0E4-44C9-815A-E185F26FAA8E}"
EndProject
Project("{FAE04EC0-301F-11D3-BF4B-00C04F79EFBC}") = "LoverOf3", "LoverOf3\LoverOf3.csproj", "{65E55924-4216-4386-A413-EC8EB2B9C5E8}"
EndProject
Global
	GlobalSection(SolutionConfigurationPlatforms) = preSolution
		Debug|Any CPU = Debug|Any CPU
		Release|Any CPU = Release|Any CPU
	EndGlobalSection
	GlobalSection(ProjectConfigurationPlatforms) = postSolution
		{9B2593AD-A029-45E2-B51D-DBC106A5D1E7}.Debug|Any CPU.ActiveCfg = Debug|Any CPU
		{9B2593AD-A029-45E2-B51D-DBC106A5D1E7}.Debug|Any CPU.Build.0 = Debug|Any CPU
		{9B2593AD-A029-45E2-B51D-DBC106A5D1E7}.Release|Any CPU.ActiveCfg = Release|Any CPU
		{9B2593AD-A029-45E2-B51D-DBC106A5D1E7}.Release|Any CPU.Build.0 = Release|Any CPU
		{ABE82859-E0E4-44C9-815A-E185F26FAA8E}.Debug|Any CPU.ActiveCfg = Debug|Any CPU
		{ABE82859-E0E4-44C9-815A-E185F26FAA8E}.Debug|Any CPU.Build.0 = Debug|Any CPU
		{ABE82859-E0E4-44C9-815A-E185F26FAA8E}.Release|Any CPU.ActiveCfg = Release|Any CPU
		{ABE82859-E0E4-44C9-815A-E185F26FAA8E}.Release|Any CPU.Build.0 = Release|Any CPU
		{65E55924-4216-4386-A413-EC8EB2B9C5E8}.Debug|Any CPU.ActiveCfg = Debug|Any CPU
		{65E55924-4216-4386-A413-EC8EB2B9C5E8}.Debug|Any CPU.Build.0 = Debug|Any CPU
		{65E55924-4216-4386-A413-EC8EB2B9C5E8}.Release|Any CPU.ActiveCfg = Release|Any CPU
		{65E55924-4216-4386-A413-EC8EB2B9C5E8}.Release|Any CPU.Build.0 = Release|Any CPU
	EndGlobalSection
	GlobalSection(SolutionProperties) = preSolution
		HideSolutionNode = FALSE
	EndGlobalSection
EndGlobal
