
Microsoft Visual Studio Solution File, Format Version 12.00
# Visual Studio 14
VisualStudioVersion = 14.0.25420.1
MinimumVisualStudioVersion = 10.0.40219.1
Project("{FAE04EC0-301F-11D3-BF4B-00C04F79EFBC}") = "Problem1_248", "Problem1_248\Problem1_248.csproj", "{E84139B0-539B-440A-8A0F-31A69DC3D291}"
EndProject
Project("{FAE04EC0-301F-11D3-BF4B-00C04F79EFBC}") = "Nightmare-on-Code-Street", "Nightmare-on-Code-Street\Nightmare-on-Code-Street.csproj", "{5A7185F0-876A-49A3-B1F5-C8A38CADDC1B}"
EndProject
Project("{FAE04EC0-301F-11D3-BF4B-00C04F79EFBC}") = "calc", "calc\calc.csproj", "{FBB9720F-DC2F-4CE8-A526-C6292582C636}"
EndProject
Project("{FAE04EC0-301F-11D3-BF4B-00C04F79EFBC}") = "bitmask", "bitmask\bitmask.csproj", "{84CA4B1F-17A1-4CD1-8E29-5F278F8893BF}"
EndProject
Project("{FAE04EC0-301F-11D3-BF4B-00C04F79EFBC}") = "AdvLoverOf3", "AdvLoverOf3\AdvLoverOf3.csproj", "{95DA9A88-4C0B-4517-8F7A-00A58DB04503}"
EndProject
Global
	GlobalSection(SolutionConfigurationPlatforms) = preSolution
		Debug|Any CPU = Debug|Any CPU
		Release|Any CPU = Release|Any CPU
	EndGlobalSection
	GlobalSection(ProjectConfigurationPlatforms) = postSolution
		{E84139B0-539B-440A-8A0F-31A69DC3D291}.Debug|Any CPU.ActiveCfg = Debug|Any CPU
		{E84139B0-539B-440A-8A0F-31A69DC3D291}.Debug|Any CPU.Build.0 = Debug|Any CPU
		{E84139B0-539B-440A-8A0F-31A69DC3D291}.Release|Any CPU.ActiveCfg = Release|Any CPU
		{E84139B0-539B-440A-8A0F-31A69DC3D291}.Release|Any CPU.Build.0 = Release|Any CPU
		{5A7185F0-876A-49A3-B1F5-C8A38CADDC1B}.Debug|Any CPU.ActiveCfg = Debug|Any CPU
		{5A7185F0-876A-49A3-B1F5-C8A38CADDC1B}.Debug|Any CPU.Build.0 = Debug|Any CPU
		{5A7185F0-876A-49A3-B1F5-C8A38CADDC1B}.Release|Any CPU.ActiveCfg = Release|Any CPU
		{5A7185F0-876A-49A3-B1F5-C8A38CADDC1B}.Release|Any CPU.Build.0 = Release|Any CPU
		{FBB9720F-DC2F-4CE8-A526-C6292582C636}.Debug|Any CPU.ActiveCfg = Debug|Any CPU
		{FBB9720F-DC2F-4CE8-A526-C6292582C636}.Debug|Any CPU.Build.0 = Debug|Any CPU
		{FBB9720F-DC2F-4CE8-A526-C6292582C636}.Release|Any CPU.ActiveCfg = Release|Any CPU
		{FBB9720F-DC2F-4CE8-A526-C6292582C636}.Release|Any CPU.Build.0 = Release|Any CPU
		{84CA4B1F-17A1-4CD1-8E29-5F278F8893BF}.Debug|Any CPU.ActiveCfg = Debug|Any CPU
		{84CA4B1F-17A1-4CD1-8E29-5F278F8893BF}.Debug|Any CPU.Build.0 = Debug|Any CPU
		{84CA4B1F-17A1-4CD1-8E29-5F278F8893BF}.Release|Any CPU.ActiveCfg = Release|Any CPU
		{84CA4B1F-17A1-4CD1-8E29-5F278F8893BF}.Release|Any CPU.Build.0 = Release|Any CPU
		{95DA9A88-4C0B-4517-8F7A-00A58DB04503}.Debug|Any CPU.ActiveCfg = Debug|Any CPU
		{95DA9A88-4C0B-4517-8F7A-00A58DB04503}.Debug|Any CPU.Build.0 = Debug|Any CPU
		{95DA9A88-4C0B-4517-8F7A-00A58DB04503}.Release|Any CPU.ActiveCfg = Release|Any CPU
		{95DA9A88-4C0B-4517-8F7A-00A58DB04503}.Release|Any CPU.Build.0 = Release|Any CPU
	EndGlobalSection
	GlobalSection(SolutionProperties) = preSolution
		HideSolutionNode = FALSE
	EndGlobalSection
EndGlobal
